
Microsoft Visual Studio Solution File, Format Version 12.00
# Visual Studio Version 17
VisualStudioVersion = 17.5.33502.453
MinimumVisualStudioVersion = 10.0.40219.1
Project("{FAE04EC0-301F-11D3-BF4B-00C04F79EFBC}") = "LMS_Project", "LMS_Project.csproj", "{D18B26A0-16CC-45FF-BC31-41DF5759B7F8}"
EndProject
Global
	GlobalSection(SolutionConfigurationPlatforms) = preSolution
		Debug|Any CPU = Debug|Any CPU
		Release|Any CPU = Release|Any CPU
	EndGlobalSection
	GlobalSection(ProjectConfigurationPlatforms) = postSolution
		{D18B26A0-16CC-45FF-BC31-41DF5759B7F8}.Debug|Any CPU.ActiveCfg = Debug|Any CPU
		{D18B26A0-16CC-45FF-BC31-41DF5759B7F8}.Debug|Any CPU.Build.0 = Debug|Any CPU
		{D18B26A0-16CC-45FF-BC31-41DF5759B7F8}.Release|Any CPU.ActiveCfg = Release|Any CPU
		{D18B26A0-16CC-45FF-BC31-41DF5759B7F8}.Release|Any CPU.Build.0 = Release|Any CPU
	EndGlobalSection
	GlobalSection(SolutionProperties) = preSolution
		HideSolutionNode = FALSE
	EndGlobalSection
	GlobalSection(ExtensibilityGlobals) = postSolution
		SolutionGuid = {62F2DD65-E1A2-485A-BBE9-1460601A16C8}
	EndGlobalSection
EndGlobal
